
Microsoft Visual Studio Solution File, Format Version 12.00
# Visual Studio Version 16
VisualStudioVersion = 16.0.31702.278
MinimumVisualStudioVersion = 10.0.40219.1
Project("{FAE04EC0-301F-11D3-BF4B-00C04F79EFBC}") = "WebApiProduto", "WebApiProduto\WebApiProduto.csproj", "{46B995D6-B5E0-4D48-BD7D-01E353AC6754}"
EndProject
Project("{FAE04EC0-301F-11D3-BF4B-00C04F79EFBC}") = "Services", "Services\Services.csproj", "{02C057FB-3AE7-4506-B31C-3E371AE57D47}"
EndProject
Global
	GlobalSection(SolutionConfigurationPlatforms) = preSolution
		Debug|Any CPU = Debug|Any CPU
		Release|Any CPU = Release|Any CPU
	EndGlobalSection
	GlobalSection(ProjectConfigurationPlatforms) = postSolution
		{46B995D6-B5E0-4D48-BD7D-01E353AC6754}.Debug|Any CPU.ActiveCfg = Debug|Any CPU
		{46B995D6-B5E0-4D48-BD7D-01E353AC6754}.Debug|Any CPU.Build.0 = Debug|Any CPU
		{46B995D6-B5E0-4D48-BD7D-01E353AC6754}.Release|Any CPU.ActiveCfg = Release|Any CPU
		{46B995D6-B5E0-4D48-BD7D-01E353AC6754}.Release|Any CPU.Build.0 = Release|Any CPU
		{02C057FB-3AE7-4506-B31C-3E371AE57D47}.Debug|Any CPU.ActiveCfg = Debug|Any CPU
		{02C057FB-3AE7-4506-B31C-3E371AE57D47}.Debug|Any CPU.Build.0 = Debug|Any CPU
		{02C057FB-3AE7-4506-B31C-3E371AE57D47}.Release|Any CPU.ActiveCfg = Release|Any CPU
		{02C057FB-3AE7-4506-B31C-3E371AE57D47}.Release|Any CPU.Build.0 = Release|Any CPU
	EndGlobalSection
	GlobalSection(SolutionProperties) = preSolution
		HideSolutionNode = FALSE
	EndGlobalSection
	GlobalSection(ExtensibilityGlobals) = postSolution
		SolutionGuid = {ACBEA8AD-87CD-4F6E-ADE7-5D8189198FC6}
	EndGlobalSection
EndGlobal
