
Microsoft Visual Studio Solution File, Format Version 12.00
# Visual Studio Version 16
VisualStudioVersion = 16.0.31702.278
MinimumVisualStudioVersion = 10.0.40219.1
Project("{9A19103F-16F7-4668-BE54-9A1E7A4F7556}") = "WebApiProduto", "WebApiProduto\WebApiProduto.csproj", "{46B995D6-B5E0-4D48-BD7D-01E353AC6754}"
EndProject
Project("{9A19103F-16F7-4668-BE54-9A1E7A4F7556}") = "Services", "Services\Services.csproj", "{02C057FB-3AE7-4506-B31C-3E371AE57D47}"
EndProject
Project("{FAE04EC0-301F-11D3-BF4B-00C04F79EFBC}") = "Repository", "Repository\Repository.csproj", "{CB65C236-5FF8-42EE-A04E-23D7783B82F7}"
EndProject
Project("{FAE04EC0-301F-11D3-BF4B-00C04F79EFBC}") = "Domain", "Domain\Domain.csproj", "{51EAEF5C-418E-4F61-9ADD-1F1696557CE2}"
EndProject
Global
	GlobalSection(SolutionConfigurationPlatforms) = preSolution
		Debug|Any CPU = Debug|Any CPU
		Release|Any CPU = Release|Any CPU
	EndGlobalSection
	GlobalSection(ProjectConfigurationPlatforms) = postSolution
		{46B995D6-B5E0-4D48-BD7D-01E353AC6754}.Debug|Any CPU.ActiveCfg = Debug|Any CPU
		{46B995D6-B5E0-4D48-BD7D-01E353AC6754}.Debug|Any CPU.Build.0 = Debug|Any CPU
		{46B995D6-B5E0-4D48-BD7D-01E353AC6754}.Release|Any CPU.ActiveCfg = Release|Any CPU
		{46B995D6-B5E0-4D48-BD7D-01E353AC6754}.Release|Any CPU.Build.0 = Release|Any CPU
		{02C057FB-3AE7-4506-B31C-3E371AE57D47}.Debug|Any CPU.ActiveCfg = Debug|Any CPU
		{02C057FB-3AE7-4506-B31C-3E371AE57D47}.Debug|Any CPU.Build.0 = Debug|Any CPU
		{02C057FB-3AE7-4506-B31C-3E371AE57D47}.Release|Any CPU.ActiveCfg = Release|Any CPU
		{02C057FB-3AE7-4506-B31C-3E371AE57D47}.Release|Any CPU.Build.0 = Release|Any CPU
		{CB65C236-5FF8-42EE-A04E-23D7783B82F7}.Debug|Any CPU.ActiveCfg = Debug|Any CPU
		{CB65C236-5FF8-42EE-A04E-23D7783B82F7}.Debug|Any CPU.Build.0 = Debug|Any CPU
		{CB65C236-5FF8-42EE-A04E-23D7783B82F7}.Release|Any CPU.ActiveCfg = Release|Any CPU
		{CB65C236-5FF8-42EE-A04E-23D7783B82F7}.Release|Any CPU.Build.0 = Release|Any CPU
		{51EAEF5C-418E-4F61-9ADD-1F1696557CE2}.Debug|Any CPU.ActiveCfg = Debug|Any CPU
		{51EAEF5C-418E-4F61-9ADD-1F1696557CE2}.Debug|Any CPU.Build.0 = Debug|Any CPU
		{51EAEF5C-418E-4F61-9ADD-1F1696557CE2}.Release|Any CPU.ActiveCfg = Release|Any CPU
		{51EAEF5C-418E-4F61-9ADD-1F1696557CE2}.Release|Any CPU.Build.0 = Release|Any CPU
	EndGlobalSection
	GlobalSection(SolutionProperties) = preSolution
		HideSolutionNode = FALSE
	EndGlobalSection
	GlobalSection(ExtensibilityGlobals) = postSolution
		SolutionGuid = {ACBEA8AD-87CD-4F6E-ADE7-5D8189198FC6}
	EndGlobalSection
EndGlobal
